
Microsoft Visual Studio Solution File, Format Version 12.00
# Visual Studio Version 16
VisualStudioVersion = 16.0.29728.190
MinimumVisualStudioVersion = 10.0.40219.1
Project("{FAE04EC0-301F-11D3-BF4B-00C04F79EFBC}") = "XamarinLayout.Android", "XamarinLayout.Android\XamarinLayout.Android.csproj", "{EBEA2D72-D99C-46A9-A9F5-CAF5AC555637}"
EndProject
Project("{FAE04EC0-301F-11D3-BF4B-00C04F79EFBC}") = "XamarinLayout.iOS", "XamarinLayout.iOS\XamarinLayout.iOS.csproj", "{24456416-7DD3-488C-8C57-0CA4B0612276}"
EndProject
Project("{FAE04EC0-301F-11D3-BF4B-00C04F79EFBC}") = "XamarinLayout", "XamarinLayout\XamarinLayout.csproj", "{11794DDE-F09F-4A70-A7CE-E57DD75520BF}"
EndProject
Global
	GlobalSection(SolutionConfigurationPlatforms) = preSolution
		Debug|Any CPU = Debug|Any CPU
		Debug|iPhone = Debug|iPhone
		Debug|iPhoneSimulator = Debug|iPhoneSimulator
		Release|Any CPU = Release|Any CPU
		Release|iPhone = Release|iPhone
		Release|iPhoneSimulator = Release|iPhoneSimulator
	EndGlobalSection
	GlobalSection(ProjectConfigurationPlatforms) = postSolution
		{EBEA2D72-D99C-46A9-A9F5-CAF5AC555637}.Debug|Any CPU.ActiveCfg = Debug|Any CPU
		{EBEA2D72-D99C-46A9-A9F5-CAF5AC555637}.Debug|Any CPU.Build.0 = Debug|Any CPU
		{EBEA2D72-D99C-46A9-A9F5-CAF5AC555637}.Debug|Any CPU.Deploy.0 = Debug|Any CPU
		{EBEA2D72-D99C-46A9-A9F5-CAF5AC555637}.Debug|iPhone.ActiveCfg = Debug|Any CPU
		{EBEA2D72-D99C-46A9-A9F5-CAF5AC555637}.Debug|iPhone.Build.0 = Debug|Any CPU
		{EBEA2D72-D99C-46A9-A9F5-CAF5AC555637}.Debug|iPhone.Deploy.0 = Debug|Any CPU
		{EBEA2D72-D99C-46A9-A9F5-CAF5AC555637}.Debug|iPhoneSimulator.ActiveCfg = Debug|Any CPU
		{EBEA2D72-D99C-46A9-A9F5-CAF5AC555637}.Debug|iPhoneSimulator.Build.0 = Debug|Any CPU
		{EBEA2D72-D99C-46A9-A9F5-CAF5AC555637}.Debug|iPhoneSimulator.Deploy.0 = Debug|Any CPU
		{EBEA2D72-D99C-46A9-A9F5-CAF5AC555637}.Release|Any CPU.ActiveCfg = Release|Any CPU
		{EBEA2D72-D99C-46A9-A9F5-CAF5AC555637}.Release|Any CPU.Build.0 = Release|Any CPU
		{EBEA2D72-D99C-46A9-A9F5-CAF5AC555637}.Release|Any CPU.Deploy.0 = Release|Any CPU
		{EBEA2D72-D99C-46A9-A9F5-CAF5AC555637}.Release|iPhone.ActiveCfg = Release|Any CPU
		{EBEA2D72-D99C-46A9-A9F5-CAF5AC555637}.Release|iPhone.Build.0 = Release|Any CPU
		{EBEA2D72-D99C-46A9-A9F5-CAF5AC555637}.Release|iPhone.Deploy.0 = Release|Any CPU
		{EBEA2D72-D99C-46A9-A9F5-CAF5AC555637}.Release|iPhoneSimulator.ActiveCfg = Release|Any CPU
		{EBEA2D72-D99C-46A9-A9F5-CAF5AC555637}.Release|iPhoneSimulator.Build.0 = Release|Any CPU
		{EBEA2D72-D99C-46A9-A9F5-CAF5AC555637}.Release|iPhoneSimulator.Deploy.0 = Release|Any CPU
		{24456416-7DD3-488C-8C57-0CA4B0612276}.Debug|Any CPU.ActiveCfg = Debug|iPhoneSimulator
		{24456416-7DD3-488C-8C57-0CA4B0612276}.Debug|Any CPU.Build.0 = Debug|iPhoneSimulator
		{24456416-7DD3-488C-8C57-0CA4B0612276}.Debug|Any CPU.Deploy.0 = Debug|iPhoneSimulator
		{24456416-7DD3-488C-8C57-0CA4B0612276}.Debug|iPhone.ActiveCfg = Debug|iPhone
		{24456416-7DD3-488C-8C57-0CA4B0612276}.Debug|iPhone.Build.0 = Debug|iPhone
		{24456416-7DD3-488C-8C57-0CA4B0612276}.Debug|iPhone.Deploy.0 = Debug|iPhone
		{24456416-7DD3-488C-8C57-0CA4B0612276}.Debug|iPhoneSimulator.ActiveCfg = Debug|iPhoneSimulator
		{24456416-7DD3-488C-8C57-0CA4B0612276}.Debug|iPhoneSimulator.Build.0 = Debug|iPhoneSimulator
		{24456416-7DD3-488C-8C57-0CA4B0612276}.Debug|iPhoneSimulator.Deploy.0 = Debug|iPhoneSimulator
		{24456416-7DD3-488C-8C57-0CA4B0612276}.Release|Any CPU.ActiveCfg = Release|iPhone
		{24456416-7DD3-488C-8C57-0CA4B0612276}.Release|Any CPU.Build.0 = Release|iPhone
		{24456416-7DD3-488C-8C57-0CA4B0612276}.Release|Any CPU.Deploy.0 = Release|iPhone
		{24456416-7DD3-488C-8C57-0CA4B0612276}.Release|iPhone.ActiveCfg = Release|iPhone
		{24456416-7DD3-488C-8C57-0CA4B0612276}.Release|iPhone.Build.0 = Release|iPhone
		{24456416-7DD3-488C-8C57-0CA4B0612276}.Release|iPhone.Deploy.0 = Release|iPhone
		{24456416-7DD3-488C-8C57-0CA4B0612276}.Release|iPhoneSimulator.ActiveCfg = Release|iPhoneSimulator
		{24456416-7DD3-488C-8C57-0CA4B0612276}.Release|iPhoneSimulator.Build.0 = Release|iPhoneSimulator
		{24456416-7DD3-488C-8C57-0CA4B0612276}.Release|iPhoneSimulator.Deploy.0 = Release|iPhoneSimulator
		{11794DDE-F09F-4A70-A7CE-E57DD75520BF}.Debug|Any CPU.ActiveCfg = Debug|Any CPU
		{11794DDE-F09F-4A70-A7CE-E57DD75520BF}.Debug|Any CPU.Build.0 = Debug|Any CPU
		{11794DDE-F09F-4A70-A7CE-E57DD75520BF}.Debug|Any CPU.Deploy.0 = Debug|Any CPU
		{11794DDE-F09F-4A70-A7CE-E57DD75520BF}.Debug|iPhone.ActiveCfg = Debug|Any CPU
		{11794DDE-F09F-4A70-A7CE-E57DD75520BF}.Debug|iPhone.Build.0 = Debug|Any CPU
		{11794DDE-F09F-4A70-A7CE-E57DD75520BF}.Debug|iPhone.Deploy.0 = Debug|Any CPU
		{11794DDE-F09F-4A70-A7CE-E57DD75520BF}.Debug|iPhoneSimulator.ActiveCfg = Debug|Any CPU
		{11794DDE-F09F-4A70-A7CE-E57DD75520BF}.Debug|iPhoneSimulator.Build.0 = Debug|Any CPU
		{11794DDE-F09F-4A70-A7CE-E57DD75520BF}.Debug|iPhoneSimulator.Deploy.0 = Debug|Any CPU
		{11794DDE-F09F-4A70-A7CE-E57DD75520BF}.Release|Any CPU.ActiveCfg = Release|Any CPU
		{11794DDE-F09F-4A70-A7CE-E57DD75520BF}.Release|Any CPU.Build.0 = Release|Any CPU
		{11794DDE-F09F-4A70-A7CE-E57DD75520BF}.Release|Any CPU.Deploy.0 = Release|Any CPU
		{11794DDE-F09F-4A70-A7CE-E57DD75520BF}.Release|iPhone.ActiveCfg = Release|Any CPU
		{11794DDE-F09F-4A70-A7CE-E57DD75520BF}.Release|iPhone.Build.0 = Release|Any CPU
		{11794DDE-F09F-4A70-A7CE-E57DD75520BF}.Release|iPhone.Deploy.0 = Release|Any CPU
		{11794DDE-F09F-4A70-A7CE-E57DD75520BF}.Release|iPhoneSimulator.ActiveCfg = Release|Any CPU
		{11794DDE-F09F-4A70-A7CE-E57DD75520BF}.Release|iPhoneSimulator.Build.0 = Release|Any CPU
		{11794DDE-F09F-4A70-A7CE-E57DD75520BF}.Release|iPhoneSimulator.Deploy.0 = Release|Any CPU
	EndGlobalSection
	GlobalSection(SolutionProperties) = preSolution
		HideSolutionNode = FALSE
	EndGlobalSection
	GlobalSection(ExtensibilityGlobals) = postSolution
		SolutionGuid = {C1C365E8-12F9-402D-9678-DF511660A3E9}
	EndGlobalSection
EndGlobal
